
Microsoft Visual Studio Solution File, Format Version 12.00
# Visual Studio Version 17
VisualStudioVersion = 17.14.36109.1
MinimumVisualStudioVersion = 10.0.40219.1
Project("{2150E333-8FDC-42A3-9474-1A3956D46DE8}") = "Modules", "Modules", "{02EA681E-C7D8-13C7-8484-4AC65E1B71E8}"
EndProject
Project("{2150E333-8FDC-42A3-9474-1A3956D46DE8}") = "Shareds", "Shareds", "{ED1B1F33-113F-44E6-B378-1A48E99F6DAA}"
EndProject
Project("{FAE04EC0-301F-11D3-BF4B-00C04F79EFBC}") = "API", "API\API.csproj", "{CBFA08EA-AECE-205F-7B85-326FD0B81BAD}"
EndProject
Project("{FAE04EC0-301F-11D3-BF4B-00C04F79EFBC}") = "Mpdules.User", "Modules\Mpdules.User\Mpdules.User.csproj", "{EE01FE50-206A-4B39-CF5F-9C738E149CE8}"
EndProject
Project("{FAE04EC0-301F-11D3-BF4B-00C04F79EFBC}") = "Shareds.Core", "Shareds\Shareds.Core\Shareds.Core.csproj", "{DCB5B0F3-101B-B828-7117-7AC8840FE225}"
EndProject
Project("{FAE04EC0-301F-11D3-BF4B-00C04F79EFBC}") = "Shared.Messages", "Shareds\Shared.Messages\Shared.Messages.csproj", "{5CCA84B3-EBE7-4BEA-9B26-C720EA83B8DB}"
EndProject
Project("{FAE04EC0-301F-11D3-BF4B-00C04F79EFBC}") = "Module.Auth", "Modules\Module.Auth\Module.Auth.csproj", "{91C9AAD6-305F-495B-8A77-CDEC5878F03B}"
EndProject
Project("{FAE04EC0-301F-11D3-BF4B-00C04F79EFBC}") = "Shared.DTO", "Shareds\Shared.DTO\Shared.DTO.csproj", "{D8DE58A8-1183-465A-8EF5-921F7EA3A37E}"
EndProject
Global
	GlobalSection(SolutionConfigurationPlatforms) = preSolution
		Debug|Any CPU = Debug|Any CPU
		Release|Any CPU = Release|Any CPU
	EndGlobalSection
	GlobalSection(ProjectConfigurationPlatforms) = postSolution
		{CBFA08EA-AECE-205F-7B85-326FD0B81BAD}.Debug|Any CPU.ActiveCfg = Debug|Any CPU
		{CBFA08EA-AECE-205F-7B85-326FD0B81BAD}.Debug|Any CPU.Build.0 = Debug|Any CPU
		{CBFA08EA-AECE-205F-7B85-326FD0B81BAD}.Release|Any CPU.ActiveCfg = Release|Any CPU
		{CBFA08EA-AECE-205F-7B85-326FD0B81BAD}.Release|Any CPU.Build.0 = Release|Any CPU
		{EE01FE50-206A-4B39-CF5F-9C738E149CE8}.Debug|Any CPU.ActiveCfg = Debug|Any CPU
		{EE01FE50-206A-4B39-CF5F-9C738E149CE8}.Debug|Any CPU.Build.0 = Debug|Any CPU
		{EE01FE50-206A-4B39-CF5F-9C738E149CE8}.Release|Any CPU.ActiveCfg = Release|Any CPU
		{EE01FE50-206A-4B39-CF5F-9C738E149CE8}.Release|Any CPU.Build.0 = Release|Any CPU
		{DCB5B0F3-101B-B828-7117-7AC8840FE225}.Debug|Any CPU.ActiveCfg = Debug|Any CPU
		{DCB5B0F3-101B-B828-7117-7AC8840FE225}.Debug|Any CPU.Build.0 = Debug|Any CPU
		{DCB5B0F3-101B-B828-7117-7AC8840FE225}.Release|Any CPU.ActiveCfg = Release|Any CPU
		{DCB5B0F3-101B-B828-7117-7AC8840FE225}.Release|Any CPU.Build.0 = Release|Any CPU
		{5CCA84B3-EBE7-4BEA-9B26-C720EA83B8DB}.Debug|Any CPU.ActiveCfg = Debug|Any CPU
		{5CCA84B3-EBE7-4BEA-9B26-C720EA83B8DB}.Debug|Any CPU.Build.0 = Debug|Any CPU
		{5CCA84B3-EBE7-4BEA-9B26-C720EA83B8DB}.Release|Any CPU.ActiveCfg = Release|Any CPU
		{5CCA84B3-EBE7-4BEA-9B26-C720EA83B8DB}.Release|Any CPU.Build.0 = Release|Any CPU
		{91C9AAD6-305F-495B-8A77-CDEC5878F03B}.Debug|Any CPU.ActiveCfg = Debug|Any CPU
		{91C9AAD6-305F-495B-8A77-CDEC5878F03B}.Debug|Any CPU.Build.0 = Debug|Any CPU
		{91C9AAD6-305F-495B-8A77-CDEC5878F03B}.Release|Any CPU.ActiveCfg = Release|Any CPU
		{91C9AAD6-305F-495B-8A77-CDEC5878F03B}.Release|Any CPU.Build.0 = Release|Any CPU
		{D8DE58A8-1183-465A-8EF5-921F7EA3A37E}.Debug|Any CPU.ActiveCfg = Debug|Any CPU
		{D8DE58A8-1183-465A-8EF5-921F7EA3A37E}.Debug|Any CPU.Build.0 = Debug|Any CPU
		{D8DE58A8-1183-465A-8EF5-921F7EA3A37E}.Release|Any CPU.ActiveCfg = Release|Any CPU
		{D8DE58A8-1183-465A-8EF5-921F7EA3A37E}.Release|Any CPU.Build.0 = Release|Any CPU
	EndGlobalSection
	GlobalSection(SolutionProperties) = preSolution
		HideSolutionNode = FALSE
	EndGlobalSection
	GlobalSection(NestedProjects) = preSolution
		{EE01FE50-206A-4B39-CF5F-9C738E149CE8} = {02EA681E-C7D8-13C7-8484-4AC65E1B71E8}
		{DCB5B0F3-101B-B828-7117-7AC8840FE225} = {ED1B1F33-113F-44E6-B378-1A48E99F6DAA}
		{5CCA84B3-EBE7-4BEA-9B26-C720EA83B8DB} = {ED1B1F33-113F-44E6-B378-1A48E99F6DAA}
		{91C9AAD6-305F-495B-8A77-CDEC5878F03B} = {02EA681E-C7D8-13C7-8484-4AC65E1B71E8}
		{D8DE58A8-1183-465A-8EF5-921F7EA3A37E} = {ED1B1F33-113F-44E6-B378-1A48E99F6DAA}
	EndGlobalSection
	GlobalSection(ExtensibilityGlobals) = postSolution
		SolutionGuid = {03676625-47D8-4463-BBA5-AF5962DCF956}
	EndGlobalSection
EndGlobal
